
Microsoft Visual Studio Solution File, Format Version 12.00
# Visual Studio Version 16
VisualStudioVersion = 16.0.30717.126
MinimumVisualStudioVersion = 10.0.40219.1
Project("{FAE04EC0-301F-11D3-BF4B-00C04F79EFBC}") = "Zoo", "Zoo\Zoo.csproj", "{AB9299EC-C752-4155-891F-E2965736FC41}"
EndProject
Global
	GlobalSection(SolutionConfigurationPlatforms) = preSolution
		Debug|Any CPU = Debug|Any CPU
		Release|Any CPU = Release|Any CPU
	EndGlobalSection
	GlobalSection(ProjectConfigurationPlatforms) = postSolution
		{AB9299EC-C752-4155-891F-E2965736FC41}.Debug|Any CPU.ActiveCfg = Debug|Any CPU
		{AB9299EC-C752-4155-891F-E2965736FC41}.Debug|Any CPU.Build.0 = Debug|Any CPU
		{AB9299EC-C752-4155-891F-E2965736FC41}.Release|Any CPU.ActiveCfg = Release|Any CPU
		{AB9299EC-C752-4155-891F-E2965736FC41}.Release|Any CPU.Build.0 = Release|Any CPU
	EndGlobalSection
	GlobalSection(SolutionProperties) = preSolution
		HideSolutionNode = FALSE
	EndGlobalSection
	GlobalSection(ExtensibilityGlobals) = postSolution
		SolutionGuid = {7319BF1C-71E7-445E-96A5-373A3BDB4262}
	EndGlobalSection
EndGlobal
